{
  "name": "Nastya",
  "lockfileVersion": 2,
  "requires": true,
  "packages": {
    "": {
      "dependencies": {
        "vue": "^2.6.14",
        "vue-split-carousel": "^2.1.0"
      }
    },
    "node_modules/vue": {
      "version": "2.6.14",
      "resolved": "https://registry.npmjs.org/vue/-/vue-2.6.14.tgz",
      "integrity": "sha512-x2284lgYvjOMj3Za7kqzRcUSxBboHqtgRE2zlos1qWaOye5yUmHn42LB1250NJBLRwEcdrB0JRwyPTEPhfQjiQ=="
    },
    "node_modules/vue-split-carousel": {
      "version": "2.1.0",
      "resolved": "https://registry.npmjs.org/vue-split-carousel/-/vue-split-carousel-2.1.0.tgz",
      "integrity": "sha512-TtqhBbj2YfhehVuaPcgQ8xKUHIaKH3xi1248jOvFKdwQL8FRMFUY/LyB9oAV1l6t7HIZfFtI4znX6FNnH6Mzaw=="
    }
  },
  "dependencies": {
    "vue": {
      "version": "2.6.14",
      "resolved": "https://registry.npmjs.org/vue/-/vue-2.6.14.tgz",
      "integrity": "sha512-x2284lgYvjOMj3Za7kqzRcUSxBboHqtgRE2zlos1qWaOye5yUmHn42LB1250NJBLRwEcdrB0JRwyPTEPhfQjiQ=="
    },
    "vue-split-carousel": {
      "version": "2.1.0",
      "resolved": "https://registry.npmjs.org/vue-split-carousel/-/vue-split-carousel-2.1.0.tgz",
      "integrity": "sha512-TtqhBbj2YfhehVuaPcgQ8xKUHIaKH3xi1248jOvFKdwQL8FRMFUY/LyB9oAV1l6t7HIZfFtI4znX6FNnH6Mzaw=="
    }
  }
}
